
Microsoft Visual Studio Solution File, Format Version 12.00
# Visual Studio Version 17
VisualStudioVersion = 17.8.34408.163
MinimumVisualStudioVersion = 10.0.40219.1
Project("{FAE04EC0-301F-11D3-BF4B-00C04F79EFBC}") = "_.NET_Trainee_Task", "_.NET_Trainee_Task.csproj", "{657D39D2-970C-4A41-B2DD-31A783C956CB}"
EndProject
Global
	GlobalSection(SolutionConfigurationPlatforms) = preSolution
		Debug|Any CPU = Debug|Any CPU
		Release|Any CPU = Release|Any CPU
	EndGlobalSection
	GlobalSection(ProjectConfigurationPlatforms) = postSolution
		{657D39D2-970C-4A41-B2DD-31A783C956CB}.Debug|Any CPU.ActiveCfg = Debug|Any CPU
		{657D39D2-970C-4A41-B2DD-31A783C956CB}.Debug|Any CPU.Build.0 = Debug|Any CPU
		{657D39D2-970C-4A41-B2DD-31A783C956CB}.Release|Any CPU.ActiveCfg = Release|Any CPU
		{657D39D2-970C-4A41-B2DD-31A783C956CB}.Release|Any CPU.Build.0 = Release|Any CPU
	EndGlobalSection
	GlobalSection(SolutionProperties) = preSolution
		HideSolutionNode = FALSE
	EndGlobalSection
	GlobalSection(ExtensibilityGlobals) = postSolution
		SolutionGuid = {5202110F-7153-4EEE-BD82-E48A7CE2C014}
	EndGlobalSection
EndGlobal
